// !$*UTF8*$!
{
	archiveVersion = 1;
	classes = {
	};
	objectVersion = 46;
	objects = {

/* Begin PBXBuildFile section */
		2BA5FD8E1A389D40004615F2 /* AppDelegate.swift in Sources */ = {isa = PBXBuildFile; fileRef = 2BA5FD8D1A389D40004615F2 /* AppDelegate.swift */; };
		2BA5FD901A389D40004615F2 /* ViewController.swift in Sources */ = {isa = PBXBuildFile; fileRef = 2BA5FD8F1A389D40004615F2 /* ViewController.swift */; };
		2BA5FD931A389D40004615F2 /* Main.storyboard in Resources */ = {isa = PBXBuildFile; fileRef = 2BA5FD911A389D40004615F2 /* Main.storyboard */; };
		2BA5FD951A389D40004615F2 /* Images.xcassets in Resources */ = {isa = PBXBuildFile; fileRef = 2BA5FD941A389D40004615F2 /* Images.xcassets */; };
		2BA5FD981A389D40004615F2 /* LaunchScreen.xib in Resources */ = {isa = PBXBuildFile; fileRef = 2BA5FD961A389D40004615F2 /* LaunchScreen.xib */; };
		2BA5FDA41A389D40004615F2 /* MotionGraphTests.swift in Sources */ = {isa = PBXBuildFile; fileRef = 2BA5FDA31A389D40004615F2 /* MotionGraphTests.swift */; };
/* End PBXBuildFile section */

/* Begin PBXContainerItemProxy section */
		2BA5FD9E1A389D40004615F2 /* PBXContainerItemProxy */ = {
			isa = PBXContainerItemProxy;
			containerPortal = 2BA5FD801A389D40004615F2 /* Project object */;
			proxyType = 1;
			remoteGlobalIDString = 2BA5FD871A389D40004615F2;
			remoteInfo = MotionGraph;
		};
/* End PBXContainerItemProxy section */

/* Begin PBXFileReference section */
		2BA5FD881A389D40004615F2 /* MotionGraph.app */ = {isa = PBXFileReference; explicitFileType = wrapper.application; includeInIndex = 0; path = MotionGraph.app; sourceTree = BUILT_PRODUCTS_DIR; };
		2BA5FD8C1A389D40004615F2 /* Info.plist */ = {isa = PBXFileReference; lastKnownFileType = text.plist.xml; path = Info.plist; sourceTree = "<group>"; };
		2BA5FD8D1A389D40004615F2 /* AppDelegate.swift */ = {isa = PBXFileReference; lastKnownFileType = sourcecode.swift; path = AppDelegate.swift; sourceTree = "<group>"; };
		2BA5FD8F1A389D40004615F2 /* ViewController.swift */ = {isa = PBXFileReference; lastKnownFileType = sourcecode.swift; path = ViewController.swift; sourceTree = "<group>"; };
		2BA5FD921A389D40004615F2 /* Base */ = {isa = PBXFileReference; lastKnownFileType = file.storyboard; name = Base; path = Base.lproj/Main.storyboard; sourceTree = "<group>"; };
		2BA5FD941A389D40004615F2 /* Images.xcassets */ = {isa = PBXFileReference; lastKnownFileType = folder.assetcatalog; path = Images.xcassets; sourceTree = "<group>"; };
		2BA5FD971A389D40004615F2 /* Base */ = {isa = PBXFileReference; lastKnownFileType = file.xib; name = Base; path = Base.lproj/LaunchScreen.xib; sourceTree = "<group>"; };
		2BA5FD9D1A389D40004615F2 /* MotionGraphTests.xctest */ = {isa = PBXFileReference; explicitFileType = wrapper.cfbundle; includeInIndex = 0; path = MotionGraphTests.xctest; sourceTree = BUILT_PRODUCTS_DIR; };
		2BA5FDA21A389D40004615F2 /* Info.plist */ = {isa = PBXFileReference; lastKnownFileType = text.plist.xml; path = Info.plist; sourceTree = "<group>"; };
		2BA5FDA31A389D40004615F2 /* MotionGraphTests.swift */ = {isa = PBXFileReference; lastKnownFileType = sourcecode.swift; path = MotionGraphTests.swift; sourceTree = "<group>"; };
/* End PBXFileReference section */

/* Begin PBXFrameworksBuildPhase section */
		2BA5FD851A389D40004615F2 /* Frameworks */ = {
			isa = PBXFrameworksBuildPhase;
			buildActionMask = 2147483647;
			files = (
			);
			runOnlyForDeploymentPostprocessing = 0;
		};
		2BA5FD9A1A389D40004615F2 /* Frameworks */ = {
			isa = PBXFrameworksBuildPhase;
			buildActionMask = 2147483647;
			files = (
			);
			runOnlyForDeploymentPostprocessing = 0;
		};
/* End PBXFrameworksBuildPhase section */

/* Begin PBXGroup section */
		2BA5FD7F1A389D40004615F2 = {
			isa = PBXGroup;
			children = (
				2BA5FD8A1A389D40004615F2 /* MotionGraph */,
				2BA5FDA01A389D40004615F2 /* MotionGraphTests */,
				2BA5FD891A389D40004615F2 /* Products */,
			);
			sourceTree = "<group>";
		};
		2BA5FD891A389D40004615F2 /* Products */ = {
			isa = PBXGroup;
			children = (
				2BA5FD881A389D40004615F2 /* MotionGraph.app */,
				2BA5FD9D1A389D40004615F2 /* MotionGraphTests.xctest */,
			);
			name = Products;
			sourceTree = "<group>";
		};
		2BA5FD8A1A389D40004615F2 /* MotionGraph */ = {
			isa = PBXGroup;
			children = (
				2BA5FD8D1A389D40004615F2 /* AppDelegate.swift */,
				2BA5FD8F1A389D40004615F2 /* ViewController.swift */,
				2BA5FD911A389D40004615F2 /* Main.storyboard */,
				2BA5FD941A389D40004615F2 /* Images.xcassets */,
				2BA5FD961A389D40004615F2 /* LaunchScreen.xib */,
				2BA5FD8B1A389D40004615F2 /* Supporting Files */,
			);
			path = MotionGraph;
			sourceTree = "<group>";
		};
		2BA5FD8B1A389D40004615F2 /* Supporting Files */ = {
			isa = PBXGroup;
			children = (
				2BA5FD8C1A389D40004615F2 /* Info.plist */,
			);
			name = "Supporting Files";
			sourceTree = "<group>";
		};
		2BA5FDA01A389D40004615F2 /* MotionGraphTests */ = {
			isa = PBXGroup;
			children = (
				2BA5FDA31A389D40004615F2 /* MotionGraphTests.swift */,
				2BA5FDA11A389D40004615F2 /* Supporting Files */,
			);
			path = MotionGraphTests;
			sourceTree = "<group>";
		};
		2BA5FDA11A389D40004615F2 /* Supporting Files */ = {
			isa = PBXGroup;
			children = (
				2BA5FDA21A389D40004615F2 /* Info.plist */,
			);
			name = "Supporting Files";
			sourceTree = "<group>";
		};
/* End PBXGroup section */

/* Begin PBXNativeTarget section */
		2BA5FD871A389D40004615F2 /* MotionGraph */ = {
			isa = PBXNativeTarget;
			buildConfigurationList = 2BA5FDA71A389D40004615F2 /* Build configuration list for PBXNativeTarget "MotionGraph" */;
			buildPhases = (
				2BA5FD841A389D40004615F2 /* Sources */,
				2BA5FD851A389D40004615F2 /* Frameworks */,
				2BA5FD861A389D40004615F2 /* Resources */,
			);
			buildRules = (
			);
			dependencies = (
			);
			name = MotionGraph;
			productName = MotionGraph;
			productReference = 2BA5FD881A389D40004615F2 /* MotionGraph.app */;
			productType = "com.apple.product-type.application";
		};
		2BA5FD9C1A389D40004615F2 /* MotionGraphTests */ = {
			isa = PBXNativeTarget;
			buildConfigurationList = 2BA5FDAA1A389D40004615F2 /* Build configuration list for PBXNativeTarget "MotionGraphTests" */;
			buildPhases = (
				2BA5FD991A389D40004615F2 /* Sources */,
				2BA5FD9A1A389D40004615F2 /* Frameworks */,
				2BA5FD9B1A389D40004615F2 /* Resources */,
			);
			buildRules = (
			);
			dependencies = (
				2BA5FD9F1A389D40004615F2 /* PBXTargetDependency */,
			);
			name = MotionGraphTests;
			productName = MotionGraphTests;
			productReference = 2BA5FD9D1A389D40004615F2 /* MotionGraphTests.xctest */;
			productType = "com.apple.product-type.bundle.unit-test";
		};
/* End PBXNativeTarget section */

/* Begin PBXProject section */
		2BA5FD801A389D40004615F2 /* Project object */ = {
			isa = PBXProject;
			attributes = {
				LastUpgradeCheck = 0610;
				ORGANIZATIONNAME = kj;
				TargetAttributes = {
					2BA5FD871A389D40004615F2 = {
						CreatedOnToolsVersion = 6.1.1;
					};
					2BA5FD9C1A389D40004615F2 = {
						CreatedOnToolsVersion = 6.1.1;
						TestTargetID = 2BA5FD871A389D40004615F2;
					};
				};
			};
			buildConfigurationList = 2BA5FD831A389D40004615F2 /* Build configuration list for PBXProject "MotionGraph" */;
			compatibilityVersion = "Xcode 3.2";
			developmentRegion = English;
			hasScannedForEncodings = 0;
			knownRegions = (
				en,
				Base,
			);
			mainGroup = 2BA5FD7F1A389D40004615F2;
			productRefGroup = 2BA5FD891A389D40004615F2 /* Products */;
			projectDirPath = "";
			projectRoot = "";
			targets = (
				2BA5FD871A389D40004615F2 /* MotionGraph */,
				2BA5FD9C1A389D40004615F2 /* MotionGraphTests */,
			);
		};
/* End PBXProject section */

/* Begin PBXResourcesBuildPhase section */
		2BA5FD861A389D40004615F2 /* Resources */ = {
			isa = PBXResourcesBuildPhase;
			buildActionMask = 2147483647;
			files = (
				2BA5FD931A389D40004615F2 /* Main.storyboard in Resources */,
				2BA5FD981A389D40004615F2 /* LaunchScreen.xib in Resources */,
				2BA5FD951A389D40004615F2 /* Images.xcassets in Resources */,
			);
			runOnlyForDeploymentPostprocessing = 0;
		};
		2BA5FD9B1A389D40004615F2 /* Resources */ = {
			isa = PBXResourcesBuildPhase;
			buildActionMask = 2147483647;
			files = (
			);
			runOnlyForDeploymentPostprocessing = 0;
		};
/* End PBXResourcesBuildPhase section */

/* Begin PBXSourcesBuildPhase section */
		2BA5FD841A389D40004615F2 /* Sources */ = {
			isa = PBXSourcesBuildPhase;
			buildActionMask = 2147483647;
			files = (
				2BA5FD901A389D40004615F2 /* ViewController.swift in Sources */,
				2BA5FD8E1A389D40004615F2 /* AppDelegate.swift in Sources */,
			);
			runOnlyForDeploymentPostprocessing = 0;
		};
		2BA5FD991A389D40004615F2 /* Sources */ = {
			isa = PBXSourcesBuildPhase;
			buildActionMask = 2147483647;
			files = (
				2BA5FDA41A389D40004615F2 /* MotionGraphTests.swift in Sources */,
			);
			runOnlyForDeploymentPostprocessing = 0;
		};
/* End PBXSourcesBuildPhase section */

/* Begin PBXTargetDependency section */
		2BA5FD9F1A389D40004615F2 /* PBXTargetDependency */ = {
			isa = PBXTargetDependency;
			target = 2BA5FD871A389D40004615F2 /* MotionGraph */;
			targetProxy = 2BA5FD9E1A389D40004615F2 /* PBXContainerItemProxy */;
		};
/* End PBXTargetDependency section */

/* Begin PBXVariantGroup section */
		2BA5FD911A389D40004615F2 /* Main.storyboard */ = {
			isa = PBXVariantGroup;
			children = (
				2BA5FD921A389D40004615F2 /* Base */,
			);
			name = Main.storyboard;
			sourceTree = "<group>";
		};
		2BA5FD961A389D40004615F2 /* LaunchScreen.xib */ = {
			isa = PBXVariantGroup;
			children = (
				2BA5FD971A389D40004615F2 /* Base */,
			);
			name = LaunchScreen.xib;
			sourceTree = "<group>";
		};
/* End PBXVariantGroup section */

/* Begin XCBuildConfiguration section */
		2BA5FDA51A389D40004615F2 /* Debug */ = {
			isa = XCBuildConfiguration;
			buildSettings = {
				ALWAYS_SEARCH_USER_PATHS = NO;
				CLANG_CXX_LANGUAGE_STANDARD = "gnu++0x";
				CLANG_CXX_LIBRARY = "libc++";
				CLANG_ENABLE_MODULES = YES;
				CLANG_ENABLE_OBJC_ARC = YES;
				CLANG_WARN_BOOL_CONVERSION = YES;
				CLANG_WARN_CONSTANT_CONVERSION = YES;
				CLANG_WARN_DIRECT_OBJC_ISA_USAGE = YES_ERROR;
				CLANG_WARN_EMPTY_BODY = YES;
				CLANG_WARN_ENUM_CONVERSION = YES;
				CLANG_WARN_INT_CONVERSION = YES;
				CLANG_WARN_OBJC_ROOT_CLASS = YES_ERROR;
				CLANG_WARN_UNREACHABLE_CODE = YES;
				CLANG_WARN__DUPLICATE_METHOD_MATCH = YES;
				"CODE_SIGN_IDENTITY[sdk=iphoneos*]" = "iPhone Developer";
				COPY_PHASE_STRIP = NO;
				ENABLE_STRICT_OBJC_MSGSEND = YES;
				GCC_C_LANGUAGE_STANDARD = gnu99;
				GCC_DYNAMIC_NO_PIC = NO;
				GCC_OPTIMIZATION_LEVEL = 0;
				GCC_PREPROCESSOR_DEFINITIONS = (
					"DEBUG=1",
					"$(inherited)",
				);
				GCC_SYMBOLS_PRIVATE_EXTERN = NO;
				GCC_WARN_64_TO_32_BIT_CONVERSION = YES;
				GCC_WARN_ABOUT_RETURN_TYPE = YES_ERROR;
				GCC_WARN_UNDECLARED_SELECTOR = YES;
				GCC_WARN_UNINITIALIZED_AUTOS = YES_AGGRESSIVE;
				GCC_WARN_UNUSED_FUNCTION = YES;
				GCC_WARN_UNUSED_VARIABLE = YES;
				IPHONEOS_DEPLOYMENT_TARGET = 8.1;
				MTL_ENABLE_DEBUG_INFO = YES;
				ONLY_ACTIVE_ARCH = YES;
				SDKROOT = iphoneos;
				SWIFT_OPTIMIZATION_LEVEL = "-Onone";
			};
			name = Debug;
		};
		2BA5FDA61A389D40004615F2 /* Release */ = {
			isa = XCBuildConfiguration;
			buildSettings = {
				ALWAYS_SEARCH_USER_PATHS = NO;
				CLANG_CXX_LANGUAGE_STANDARD = "gnu++0x";
				CLANG_CXX_LIBRARY = "libc++";
				CLANG_ENABLE_MODULES = YES;
				CLANG_ENABLE_OBJC_ARC = YES;
				CLANG_WARN_BOOL_CONVERSION = YES;
				CLANG_WARN_CONSTANT_CONVERSION = YES;
				CLANG_WARN_DIRECT_OBJC_ISA_USAGE = YES_ERROR;
				CLANG_WARN_EMPTY_BODY = YES;
				CLANG_WARN_ENUM_CONVERSION = YES;
				CLANG_WARN_INT_CONVERSION = YES;
				CLANG_WARN_OBJC_ROOT_CLASS = YES_ERROR;
				CLANG_WARN_UNREACHABLE_CODE = YES;
				CLANG_WARN__DUPLICATE_METHOD_MATCH = YES;
				"CODE_SIGN_IDENTITY[sdk=iphoneos*]" = "iPhone Developer";
				COPY_PHASE_STRIP = YES;
				ENABLE_NS_ASSERTIONS = NO;
				ENABLE_STRICT_OBJC_MSGSEND = YES;
				GCC_C_LANGUAGE_STANDARD = gnu99;
				GCC_WARN_64_TO_32_BIT_CONVERSION = YES;
				GCC_WARN_ABOUT_RETURN_TYPE = YES_ERROR;
				GCC_WARN_UNDECLARED_SELECTOR = YES;
				GCC_WARN_UNINITIALIZED_AUTOS = YES_AGGRESSIVE;
				GCC_WARN_UNUSED_FUNCTION = YES;
				GCC_WARN_UNUSED_VARIABLE = YES;
				IPHONEOS_DEPLOYMENT_TARGET = 8.1;
				MTL_ENABLE_DEBUG_INFO = NO;
				SDKROOT = iphoneos;
				VALIDATE_PRODUCT = YES;
			};
			name = Release;
		};
		2BA5FDA81A389D40004615F2 /* Debug */ = {
			isa = XCBuildConfiguration;
			buildSettings = {
				ASSETCATALOG_COMPILER_APPICON_NAME = AppIcon;
				INFOPLIST_FILE = MotionGraph/Info.plist;
				LD_RUNPATH_SEARCH_PATHS = "$(inherited) @executable_path/Frameworks";
				PRODUCT_NAME = "$(TARGET_NAME)";
			};
			name = Debug;
		};
		2BA5FDA91A389D40004615F2 /* Release */ = {
			isa = XCBuildConfiguration;
			buildSettings = {
				ASSETCATALOG_COMPILER_APPICON_NAME = AppIcon;
				INFOPLIST_FILE = MotionGraph/Info.plist;
				LD_RUNPATH_SEARCH_PATHS = "$(inherited) @executable_path/Frameworks";
				PRODUCT_NAME = "$(TARGET_NAME)";
			};
			name = Release;
		};
		2BA5FDAB1A389D40004615F2 /* Debug */ = {
			isa = XCBuildConfiguration;
			buildSettings = {
				BUNDLE_LOADER = "$(TEST_HOST)";
				FRAMEWORK_SEARCH_PATHS = (
					"$(SDKROOT)/Developer/Library/Frameworks",
					"$(inherited)",
				);
				GCC_PREPROCESSOR_DEFINITIONS = (
					"DEBUG=1",
					"$(inherited)",
				);
				INFOPLIST_FILE = MotionGraphTests/Info.plist;
				LD_RUNPATH_SEARCH_PATHS = "$(inherited) @executable_path/Frameworks @loader_path/Frameworks";
				PRODUCT_NAME = "$(TARGET_NAME)";
				TEST_HOST = "$(BUILT_PRODUCTS_DIR)/MotionGraph.app/MotionGraph";
			};
			name = Debug;
		};
		2BA5FDAC1A389D40004615F2 /* Release */ = {
			isa = XCBuildConfiguration;
			buildSettings = {
				BUNDLE_LOADER = "$(TEST_HOST)";
				FRAMEWORK_SEARCH_PATHS = (
					"$(SDKROOT)/Developer/Library/Frameworks",
					"$(inherited)",
				);
				INFOPLIST_FILE = MotionGraphTests/Info.plist;
				LD_RUNPATH_SEARCH_PATHS = "$(inherited) @executable_path/Frameworks @loader_path/Frameworks";
				PRODUCT_NAME = "$(TARGET_NAME)";
				TEST_HOST = "$(BUILT_PRODUCTS_DIR)/MotionGraph.app/MotionGraph";
			};
			name = Release;
		};
/* End XCBuildConfiguration section */

/* Begin XCConfigurationList section */
		2BA5FD831A389D40004615F2 /* Build configuration list for PBXProject "MotionGraph" */ = {
			isa = XCConfigurationList;
			buildConfigurations = (
				2BA5FDA51A389D40004615F2 /* Debug */,
				2BA5FDA61A389D40004615F2 /* Release */,
			);
			defaultConfigurationIsVisible = 0;
			defaultConfigurationName = Release;
		};
		2BA5FDA71A389D40004615F2 /* Build configuration list for PBXNativeTarget "MotionGraph" */ = {
			isa = XCConfigurationList;
			buildConfigurations = (
				2BA5FDA81A389D40004615F2 /* Debug */,
				2BA5FDA91A389D40004615F2 /* Release */,
			);
			defaultConfigurationIsVisible = 0;
		};
		2BA5FDAA1A389D40004615F2 /* Build configuration list for PBXNativeTarget "MotionGraphTests" */ = {
			isa = XCConfigurationList;
			buildConfigurations = (
				2BA5FDAB1A389D40004615F2 /* Debug */,
				2BA5FDAC1A389D40004615F2 /* Release */,
			);
			defaultConfigurationIsVisible = 0;
		};
/* End XCConfigurationList section */
	};
	rootObject = 2BA5FD801A389D40004615F2 /* Project object */;
}
